
Microsoft Visual Studio Solution File, Format Version 12.00
# Visual Studio Version 17
VisualStudioVersion = 17.6.33723.286
MinimumVisualStudioVersion = 10.0.40219.1
Project("{FAE04EC0-301F-11D3-BF4B-00C04F79EFBC}") = "RepositoryPtrn", "RepositoryPtrn\RepositoryPtrn.csproj", "{5AC11C24-F504-40A0-8526-2949A4906993}"
EndProject
Global
	GlobalSection(SolutionConfigurationPlatforms) = preSolution
		Debug|Any CPU = Debug|Any CPU
		Release|Any CPU = Release|Any CPU
	EndGlobalSection
	GlobalSection(ProjectConfigurationPlatforms) = postSolution
		{5AC11C24-F504-40A0-8526-2949A4906993}.Debug|Any CPU.ActiveCfg = Debug|Any CPU
		{5AC11C24-F504-40A0-8526-2949A4906993}.Debug|Any CPU.Build.0 = Debug|Any CPU
		{5AC11C24-F504-40A0-8526-2949A4906993}.Release|Any CPU.ActiveCfg = Release|Any CPU
		{5AC11C24-F504-40A0-8526-2949A4906993}.Release|Any CPU.Build.0 = Release|Any CPU
	EndGlobalSection
	GlobalSection(SolutionProperties) = preSolution
		HideSolutionNode = FALSE
	EndGlobalSection
	GlobalSection(ExtensibilityGlobals) = postSolution
		SolutionGuid = {C34EE5F6-8DE4-4430-862C-21D2023EFA1D}
	EndGlobalSection
EndGlobal
